{
  "object": {
    "pins": [
      {
        "package": "KeychainAccess",
        "repositoryURL": "https://github.com/kishikawakatsumi/KeychainAccess.git",
        "state": {
          "branch": null,
          "revision": "0046db4ab8fd7be31a59e57912dbb96639ad8ce9",
          "version": "3.2.0"
        }
      },
      {
        "package": "OHHTTPStubs",
        "repositoryURL": "https://github.com/AliSoftware/OHHTTPStubs.git",
        "state": {
          "branch": null,
          "revision": "e92b5a5746ef16add2a1424f1fc19529d9a75cde",
          "version": "9.0.0"
        }
      },
      {
        "package": "PromiseKit",
        "repositoryURL": "https://github.com/mxcl/PromiseKit.git",
        "state": {
          "branch": null,
          "revision": "db3b2aaf0b26299c1828e0a302adf1a5523f4af5",
          "version": "6.8.3"
        }
      },
      {
        "package": "SwiftyBeaver",
        "repositoryURL": "https://github.com/SwiftyBeaver/SwiftyBeaver.git",
        "state": {
          "branch": null,
          "revision": "ad66cc41c5d8acbd63d9dcdc9d3609f152e08ed1",
          "version": "1.7.0"
        }
      }
    ]
  },
  "version": 1
}
